// !$*UTF8*$!
{
	archiveVersion = 1;
	classes = {
	};
	objectVersion = 46;
	objects = {

/* Begin PBXBuildFile section */
		42AB0F391A12AE360090F598 /* main.m in Sources */ = {isa = PBXBuildFile; fileRef = 42AB0F381A12AE360090F598 /* main.m */; };
		42AB0F3C1A12AE360090F598 /* AppDelegate.m in Sources */ = {isa = PBXBuildFile; fileRef = 42AB0F3B1A12AE360090F598 /* AppDelegate.m */; };
		42AB0F3F1A12AE360090F598 /* ViewController.m in Sources */ = {isa = PBXBuildFile; fileRef = 42AB0F3E1A12AE360090F598 /* ViewController.m */; };
		42AB0F421A12AE360090F598 /* Main.storyboard in Resources */ = {isa = PBXBuildFile; fileRef = 42AB0F401A12AE360090F598 /* Main.storyboard */; };
		42AB0F441A12AE360090F598 /* Images.xcassets in Resources */ = {isa = PBXBuildFile; fileRef = 42AB0F431A12AE360090F598 /* Images.xcassets */; };
		42AB0F471A12AE360090F598 /* LaunchScreen.xib in Resources */ = {isa = PBXBuildFile; fileRef = 42AB0F451A12AE360090F598 /* LaunchScreen.xib */; };
		42AB0F531A12AE360090F598 /* BookupTests.m in Sources */ = {isa = PBXBuildFile; fileRef = 42AB0F521A12AE360090F598 /* BookupTests.m */; };
/* End PBXBuildFile section */

/* Begin PBXContainerItemProxy section */
		42AB0F4D1A12AE360090F598 /* PBXContainerItemProxy */ = {
			isa = PBXContainerItemProxy;
			containerPortal = 42AB0F2B1A12AE360090F598 /* Project object */;
			proxyType = 1;
			remoteGlobalIDString = 42AB0F321A12AE360090F598;
			remoteInfo = Bookup;
		};
/* End PBXContainerItemProxy section */

/* Begin PBXFileReference section */
		42AB0F331A12AE360090F598 /* Bookup.app */ = {isa = PBXFileReference; explicitFileType = wrapper.application; includeInIndex = 0; path = Bookup.app; sourceTree = BUILT_PRODUCTS_DIR; };
		42AB0F371A12AE360090F598 /* Info.plist */ = {isa = PBXFileReference; lastKnownFileType = text.plist.xml; path = Info.plist; sourceTree = "<group>"; };
		42AB0F381A12AE360090F598 /* main.m */ = {isa = PBXFileReference; lastKnownFileType = sourcecode.c.objc; path = main.m; sourceTree = "<group>"; };
		42AB0F3A1A12AE360090F598 /* AppDelegate.h */ = {isa = PBXFileReference; lastKnownFileType = sourcecode.c.h; path = AppDelegate.h; sourceTree = "<group>"; };
		42AB0F3B1A12AE360090F598 /* AppDelegate.m */ = {isa = PBXFileReference; lastKnownFileType = sourcecode.c.objc; path = AppDelegate.m; sourceTree = "<group>"; };
		42AB0F3D1A12AE360090F598 /* ViewController.h */ = {isa = PBXFileReference; lastKnownFileType = sourcecode.c.h; path = ViewController.h; sourceTree = "<group>"; };
		42AB0F3E1A12AE360090F598 /* ViewController.m */ = {isa = PBXFileReference; lastKnownFileType = sourcecode.c.objc; path = ViewController.m; sourceTree = "<group>"; };
		42AB0F411A12AE360090F598 /* Base */ = {isa = PBXFileReference; lastKnownFileType = file.storyboard; name = Base; path = Base.lproj/Main.storyboard; sourceTree = "<group>"; };
		42AB0F431A12AE360090F598 /* Images.xcassets */ = {isa = PBXFileReference; lastKnownFileType = folder.assetcatalog; path = Images.xcassets; sourceTree = "<group>"; };
		42AB0F461A12AE360090F598 /* Base */ = {isa = PBXFileReference; lastKnownFileType = file.xib; name = Base; path = Base.lproj/LaunchScreen.xib; sourceTree = "<group>"; };
		42AB0F4C1A12AE360090F598 /* BookupTests.xctest */ = {isa = PBXFileReference; explicitFileType = wrapper.cfbundle; includeInIndex = 0; path = BookupTests.xctest; sourceTree = BUILT_PRODUCTS_DIR; };
		42AB0F511A12AE360090F598 /* Info.plist */ = {isa = PBXFileReference; lastKnownFileType = text.plist.xml; path = Info.plist; sourceTree = "<group>"; };
		42AB0F521A12AE360090F598 /* BookupTests.m */ = {isa = PBXFileReference; lastKnownFileType = sourcecode.c.objc; path = BookupTests.m; sourceTree = "<group>"; };
/* End PBXFileReference section */

/* Begin PBXFrameworksBuildPhase section */
		42AB0F301A12AE360090F598 /* Frameworks */ = {
			isa = PBXFrameworksBuildPhase;
			buildActionMask = 2147483647;
			files = (
			);
			runOnlyForDeploymentPostprocessing = 0;
		};
		42AB0F491A12AE360090F598 /* Frameworks */ = {
			isa = PBXFrameworksBuildPhase;
			buildActionMask = 2147483647;
			files = (
			);
			runOnlyForDeploymentPostprocessing = 0;
		};
/* End PBXFrameworksBuildPhase section */

/* Begin PBXGroup section */
		42AB0F2A1A12AE360090F598 = {
			isa = PBXGroup;
			children = (
				42AB0F351A12AE360090F598 /* Bookup */,
				42AB0F4F1A12AE360090F598 /* BookupTests */,
				42AB0F341A12AE360090F598 /* Products */,
			);
			sourceTree = "<group>";
		};
		42AB0F341A12AE360090F598 /* Products */ = {
			isa = PBXGroup;
			children = (
				42AB0F331A12AE360090F598 /* Bookup.app */,
				42AB0F4C1A12AE360090F598 /* BookupTests.xctest */,
			);
			name = Products;
			sourceTree = "<group>";
		};
		42AB0F351A12AE360090F598 /* Bookup */ = {
			isa = PBXGroup;
			children = (
				42AB0F3A1A12AE360090F598 /* AppDelegate.h */,
				42AB0F3B1A12AE360090F598 /* AppDelegate.m */,
				42AB0F3D1A12AE360090F598 /* ViewController.h */,
				42AB0F3E1A12AE360090F598 /* ViewController.m */,
				42AB0F401A12AE360090F598 /* Main.storyboard */,
				42AB0F431A12AE360090F598 /* Images.xcassets */,
				42AB0F451A12AE360090F598 /* LaunchScreen.xib */,
				42AB0F361A12AE360090F598 /* Supporting Files */,
			);
			path = Bookup;
			sourceTree = "<group>";
		};
		42AB0F361A12AE360090F598 /* Supporting Files */ = {
			isa = PBXGroup;
			children = (
				42AB0F371A12AE360090F598 /* Info.plist */,
				42AB0F381A12AE360090F598 /* main.m */,
			);
			name = "Supporting Files";
			sourceTree = "<group>";
		};
		42AB0F4F1A12AE360090F598 /* BookupTests */ = {
			isa = PBXGroup;
			children = (
				42AB0F521A12AE360090F598 /* BookupTests.m */,
				42AB0F501A12AE360090F598 /* Supporting Files */,
			);
			path = BookupTests;
			sourceTree = "<group>";
		};
		42AB0F501A12AE360090F598 /* Supporting Files */ = {
			isa = PBXGroup;
			children = (
				42AB0F511A12AE360090F598 /* Info.plist */,
			);
			name = "Supporting Files";
			sourceTree = "<group>";
		};
/* End PBXGroup section */

/* Begin PBXNativeTarget section */
		42AB0F321A12AE360090F598 /* Bookup */ = {
			isa = PBXNativeTarget;
			buildConfigurationList = 42AB0F561A12AE360090F598 /* Build configuration list for PBXNativeTarget "Bookup" */;
			buildPhases = (
				42AB0F2F1A12AE360090F598 /* Sources */,
				42AB0F301A12AE360090F598 /* Frameworks */,
				42AB0F311A12AE360090F598 /* Resources */,
			);
			buildRules = (
			);
			dependencies = (
			);
			name = Bookup;
			productName = Bookup;
			productReference = 42AB0F331A12AE360090F598 /* Bookup.app */;
			productType = "com.apple.product-type.application";
		};
		42AB0F4B1A12AE360090F598 /* BookupTests */ = {
			isa = PBXNativeTarget;
			buildConfigurationList = 42AB0F591A12AE360090F598 /* Build configuration list for PBXNativeTarget "BookupTests" */;
			buildPhases = (
				42AB0F481A12AE360090F598 /* Sources */,
				42AB0F491A12AE360090F598 /* Frameworks */,
				42AB0F4A1A12AE360090F598 /* Resources */,
			);
			buildRules = (
			);
			dependencies = (
				42AB0F4E1A12AE360090F598 /* PBXTargetDependency */,
			);
			name = BookupTests;
			productName = BookupTests;
			productReference = 42AB0F4C1A12AE360090F598 /* BookupTests.xctest */;
			productType = "com.apple.product-type.bundle.unit-test";
		};
/* End PBXNativeTarget section */

/* Begin PBXProject section */
		42AB0F2B1A12AE360090F598 /* Project object */ = {
			isa = PBXProject;
			attributes = {
				LastUpgradeCheck = 0610;
				ORGANIZATIONNAME = "Arya McCarthy";
				TargetAttributes = {
					42AB0F321A12AE360090F598 = {
						CreatedOnToolsVersion = 6.1;
					};
					42AB0F4B1A12AE360090F598 = {
						CreatedOnToolsVersion = 6.1;
						TestTargetID = 42AB0F321A12AE360090F598;
					};
				};
			};
			buildConfigurationList = 42AB0F2E1A12AE360090F598 /* Build configuration list for PBXProject "Bookup" */;
			compatibilityVersion = "Xcode 3.2";
			developmentRegion = English;
			hasScannedForEncodings = 0;
			knownRegions = (
				en,
				Base,
			);
			mainGroup = 42AB0F2A1A12AE360090F598;
			productRefGroup = 42AB0F341A12AE360090F598 /* Products */;
			projectDirPath = "";
			projectRoot = "";
			targets = (
				42AB0F321A12AE360090F598 /* Bookup */,
				42AB0F4B1A12AE360090F598 /* BookupTests */,
			);
		};
/* End PBXProject section */

/* Begin PBXResourcesBuildPhase section */
		42AB0F311A12AE360090F598 /* Resources */ = {
			isa = PBXResourcesBuildPhase;
			buildActionMask = 2147483647;
			files = (
				42AB0F421A12AE360090F598 /* Main.storyboard in Resources */,
				42AB0F471A12AE360090F598 /* LaunchScreen.xib in Resources */,
				42AB0F441A12AE360090F598 /* Images.xcassets in Resources */,
			);
			runOnlyForDeploymentPostprocessing = 0;
		};
		42AB0F4A1A12AE360090F598 /* Resources */ = {
			isa = PBXResourcesBuildPhase;
			buildActionMask = 2147483647;
			files = (
			);
			runOnlyForDeploymentPostprocessing = 0;
		};
/* End PBXResourcesBuildPhase section */

/* Begin PBXSourcesBuildPhase section */
		42AB0F2F1A12AE360090F598 /* Sources */ = {
			isa = PBXSourcesBuildPhase;
			buildActionMask = 2147483647;
			files = (
				42AB0F3F1A12AE360090F598 /* ViewController.m in Sources */,
				42AB0F3C1A12AE360090F598 /* AppDelegate.m in Sources */,
				42AB0F391A12AE360090F598 /* main.m in Sources */,
			);
			runOnlyForDeploymentPostprocessing = 0;
		};
		42AB0F481A12AE360090F598 /* Sources */ = {
			isa = PBXSourcesBuildPhase;
			buildActionMask = 2147483647;
			files = (
				42AB0F531A12AE360090F598 /* BookupTests.m in Sources */,
			);
			runOnlyForDeploymentPostprocessing = 0;
		};
/* End PBXSourcesBuildPhase section */

/* Begin PBXTargetDependency section */
		42AB0F4E1A12AE360090F598 /* PBXTargetDependency */ = {
			isa = PBXTargetDependency;
			target = 42AB0F321A12AE360090F598 /* Bookup */;
			targetProxy = 42AB0F4D1A12AE360090F598 /* PBXContainerItemProxy */;
		};
/* End PBXTargetDependency section */

/* Begin PBXVariantGroup section */
		42AB0F401A12AE360090F598 /* Main.storyboard */ = {
			isa = PBXVariantGroup;
			children = (
				42AB0F411A12AE360090F598 /* Base */,
			);
			name = Main.storyboard;
			sourceTree = "<group>";
		};
		42AB0F451A12AE360090F598 /* LaunchScreen.xib */ = {
			isa = PBXVariantGroup;
			children = (
				42AB0F461A12AE360090F598 /* Base */,
			);
			name = LaunchScreen.xib;
			sourceTree = "<group>";
		};
/* End PBXVariantGroup section */

/* Begin XCBuildConfiguration section */
		42AB0F541A12AE360090F598 /* Debug */ = {
			isa = XCBuildConfiguration;
			buildSettings = {
				ALWAYS_SEARCH_USER_PATHS = NO;
				CLANG_CXX_LANGUAGE_STANDARD = "gnu++0x";
				CLANG_CXX_LIBRARY = "libc++";
				CLANG_ENABLE_MODULES = YES;
				CLANG_ENABLE_OBJC_ARC = YES;
				CLANG_WARN_BOOL_CONVERSION = YES;
				CLANG_WARN_CONSTANT_CONVERSION = YES;
				CLANG_WARN_DIRECT_OBJC_ISA_USAGE = YES_ERROR;
				CLANG_WARN_EMPTY_BODY = YES;
				CLANG_WARN_ENUM_CONVERSION = YES;
				CLANG_WARN_INT_CONVERSION = YES;
				CLANG_WARN_OBJC_ROOT_CLASS = YES_ERROR;
				CLANG_WARN_UNREACHABLE_CODE = YES;
				CLANG_WARN__DUPLICATE_METHOD_MATCH = YES;
				"CODE_SIGN_IDENTITY[sdk=iphoneos*]" = "iPhone Developer";
				COPY_PHASE_STRIP = NO;
				ENABLE_STRICT_OBJC_MSGSEND = YES;
				GCC_C_LANGUAGE_STANDARD = gnu99;
				GCC_DYNAMIC_NO_PIC = NO;
				GCC_OPTIMIZATION_LEVEL = 0;
				GCC_PREPROCESSOR_DEFINITIONS = (
					"DEBUG=1",
					"$(inherited)",
				);
				GCC_SYMBOLS_PRIVATE_EXTERN = NO;
				GCC_WARN_64_TO_32_BIT_CONVERSION = YES;
				GCC_WARN_ABOUT_RETURN_TYPE = YES_ERROR;
				GCC_WARN_UNDECLARED_SELECTOR = YES;
				GCC_WARN_UNINITIALIZED_AUTOS = YES_AGGRESSIVE;
				GCC_WARN_UNUSED_FUNCTION = YES;
				GCC_WARN_UNUSED_VARIABLE = YES;
				IPHONEOS_DEPLOYMENT_TARGET = 8.1;
				MTL_ENABLE_DEBUG_INFO = YES;
				ONLY_ACTIVE_ARCH = YES;
				SDKROOT = iphoneos;
			};
			name = Debug;
		};
		42AB0F551A12AE360090F598 /* Release */ = {
			isa = XCBuildConfiguration;
			buildSettings = {
				ALWAYS_SEARCH_USER_PATHS = NO;
				CLANG_CXX_LANGUAGE_STANDARD = "gnu++0x";
				CLANG_CXX_LIBRARY = "libc++";
				CLANG_ENABLE_MODULES = YES;
				CLANG_ENABLE_OBJC_ARC = YES;
				CLANG_WARN_BOOL_CONVERSION = YES;
				CLANG_WARN_CONSTANT_CONVERSION = YES;
				CLANG_WARN_DIRECT_OBJC_ISA_USAGE = YES_ERROR;
				CLANG_WARN_EMPTY_BODY = YES;
				CLANG_WARN_ENUM_CONVERSION = YES;
				CLANG_WARN_INT_CONVERSION = YES;
				CLANG_WARN_OBJC_ROOT_CLASS = YES_ERROR;
				CLANG_WARN_UNREACHABLE_CODE = YES;
				CLANG_WARN__DUPLICATE_METHOD_MATCH = YES;
				"CODE_SIGN_IDENTITY[sdk=iphoneos*]" = "iPhone Developer";
				COPY_PHASE_STRIP = YES;
				ENABLE_NS_ASSERTIONS = NO;
				ENABLE_STRICT_OBJC_MSGSEND = YES;
				GCC_C_LANGUAGE_STANDARD = gnu99;
				GCC_WARN_64_TO_32_BIT_CONVERSION = YES;
				GCC_WARN_ABOUT_RETURN_TYPE = YES_ERROR;
				GCC_WARN_UNDECLARED_SELECTOR = YES;
				GCC_WARN_UNINITIALIZED_AUTOS = YES_AGGRESSIVE;
				GCC_WARN_UNUSED_FUNCTION = YES;
				GCC_WARN_UNUSED_VARIABLE = YES;
				IPHONEOS_DEPLOYMENT_TARGET = 8.1;
				MTL_ENABLE_DEBUG_INFO = NO;
				SDKROOT = iphoneos;
				VALIDATE_PRODUCT = YES;
			};
			name = Release;
		};
		42AB0F571A12AE360090F598 /* Debug */ = {
			isa = XCBuildConfiguration;
			buildSettings = {
				ASSETCATALOG_COMPILER_APPICON_NAME = AppIcon;
				INFOPLIST_FILE = Bookup/Info.plist;
				LD_RUNPATH_SEARCH_PATHS = "$(inherited) @executable_path/Frameworks";
				PRODUCT_NAME = "$(TARGET_NAME)";
			};
			name = Debug;
		};
		42AB0F581A12AE360090F598 /* Release */ = {
			isa = XCBuildConfiguration;
			buildSettings = {
				ASSETCATALOG_COMPILER_APPICON_NAME = AppIcon;
				INFOPLIST_FILE = Bookup/Info.plist;
				LD_RUNPATH_SEARCH_PATHS = "$(inherited) @executable_path/Frameworks";
				PRODUCT_NAME = "$(TARGET_NAME)";
			};
			name = Release;
		};
		42AB0F5A1A12AE360090F598 /* Debug */ = {
			isa = XCBuildConfiguration;
			buildSettings = {
				BUNDLE_LOADER = "$(TEST_HOST)";
				FRAMEWORK_SEARCH_PATHS = (
					"$(SDKROOT)/Developer/Library/Frameworks",
					"$(inherited)",
				);
				GCC_PREPROCESSOR_DEFINITIONS = (
					"DEBUG=1",
					"$(inherited)",
				);
				INFOPLIST_FILE = BookupTests/Info.plist;
				LD_RUNPATH_SEARCH_PATHS = "$(inherited) @executable_path/Frameworks @loader_path/Frameworks";
				PRODUCT_NAME = "$(TARGET_NAME)";
				TEST_HOST = "$(BUILT_PRODUCTS_DIR)/Bookup.app/Bookup";
			};
			name = Debug;
		};
		42AB0F5B1A12AE360090F598 /* Release */ = {
			isa = XCBuildConfiguration;
			buildSettings = {
				BUNDLE_LOADER = "$(TEST_HOST)";
				FRAMEWORK_SEARCH_PATHS = (
					"$(SDKROOT)/Developer/Library/Frameworks",
					"$(inherited)",
				);
				INFOPLIST_FILE = BookupTests/Info.plist;
				LD_RUNPATH_SEARCH_PATHS = "$(inherited) @executable_path/Frameworks @loader_path/Frameworks";
				PRODUCT_NAME = "$(TARGET_NAME)";
				TEST_HOST = "$(BUILT_PRODUCTS_DIR)/Bookup.app/Bookup";
			};
			name = Release;
		};
/* End XCBuildConfiguration section */

/* Begin XCConfigurationList section */
		42AB0F2E1A12AE360090F598 /* Build configuration list for PBXProject "Bookup" */ = {
			isa = XCConfigurationList;
			buildConfigurations = (
				42AB0F541A12AE360090F598 /* Debug */,
				42AB0F551A12AE360090F598 /* Release */,
			);
			defaultConfigurationIsVisible = 0;
			defaultConfigurationName = Release;
		};
		42AB0F561A12AE360090F598 /* Build configuration list for PBXNativeTarget "Bookup" */ = {
			isa = XCConfigurationList;
			buildConfigurations = (
				42AB0F571A12AE360090F598 /* Debug */,
				42AB0F581A12AE360090F598 /* Release */,
			);
			defaultConfigurationIsVisible = 0;
		};
		42AB0F591A12AE360090F598 /* Build configuration list for PBXNativeTarget "BookupTests" */ = {
			isa = XCConfigurationList;
			buildConfigurations = (
				42AB0F5A1A12AE360090F598 /* Debug */,
				42AB0F5B1A12AE360090F598 /* Release */,
			);
			defaultConfigurationIsVisible = 0;
		};
/* End XCConfigurationList section */
	};
	rootObject = 42AB0F2B1A12AE360090F598 /* Project object */;
}
